
Microsoft Visual Studio Solution File, Format Version 12.00
# Visual Studio 15
VisualStudioVersion = 15.0.27703.2035
MinimumVisualStudioVersion = 10.0.40219.1
Project("{FAE04EC0-301F-11D3-BF4B-00C04F79EFBC}") = "TPA_TUI_application", "TPA_TUI_application.csproj", "{7705985A-3F62-4B59-905E-5CFA1D726FDE}"
EndProject
Global
	GlobalSection(SolutionConfigurationPlatforms) = preSolution
		Debug|Any CPU = Debug|Any CPU
		Release|Any CPU = Release|Any CPU
	EndGlobalSection
	GlobalSection(ProjectConfigurationPlatforms) = postSolution
		{7705985A-3F62-4B59-905E-5CFA1D726FDE}.Debug|Any CPU.ActiveCfg = Debug|Any CPU
		{7705985A-3F62-4B59-905E-5CFA1D726FDE}.Debug|Any CPU.Build.0 = Debug|Any CPU
		{7705985A-3F62-4B59-905E-5CFA1D726FDE}.Release|Any CPU.ActiveCfg = Release|Any CPU
		{7705985A-3F62-4B59-905E-5CFA1D726FDE}.Release|Any CPU.Build.0 = Release|Any CPU
	EndGlobalSection
	GlobalSection(SolutionProperties) = preSolution
		HideSolutionNode = FALSE
	EndGlobalSection
	GlobalSection(ExtensibilityGlobals) = postSolution
		SolutionGuid = {428E91CF-5B01-41C6-AC64-F758B2E8F198}
	EndGlobalSection
EndGlobal
