
Microsoft Visual Studio Solution File, Format Version 12.00
# Visual Studio 15
VisualStudioVersion = 15.0.27703.2035
MinimumVisualStudioVersion = 10.0.40219.1
Project("{FAE04EC0-301F-11D3-BF4B-00C04F79EFBC}") = "GUIApplication", "GUIApplication\GUIApplication.csproj", "{B582CD9C-9393-46F2-826B-A915758B081B}"
EndProject
Project("{FAE04EC0-301F-11D3-BF4B-00C04F79EFBC}") = "TUIApplication", "TUIApplication\TUIApplication.csproj", "{E06FEC53-E950-41D8-9907-2318AA868DFF}"
EndProject
Project("{FAE04EC0-301F-11D3-BF4B-00C04F79EFBC}") = "UnitTests", "UnitTests\UnitTests.csproj", "{30DCCEB7-CAA2-4041-8D5B-C470F37502BB}"
	ProjectSection(ProjectDependencies) = postProject
		{AE36A566-0042-49D2-ABBC-DD55A01F5BE4} = {AE36A566-0042-49D2-ABBC-DD55A01F5BE4}
	EndProjectSection
EndProject
Project("{FAE04EC0-301F-11D3-BF4B-00C04F79EFBC}") = "TPApplicationCore", "TPApplicationCore\TPApplicationCore.csproj", "{AE36A566-0042-49D2-ABBC-DD55A01F5BE4}"
EndProject
Project("{FAE04EC0-301F-11D3-BF4B-00C04F79EFBC}") = "Serialize", "Serialize\Serialize.csproj", "{FB69E161-9B13-4201-9D21-886D828B17AD}"
EndProject
Project("{FAE04EC0-301F-11D3-BF4B-00C04F79EFBC}") = "UIBackend", "UserInterfaceBackend\UIBackend.csproj", "{FDD7BFF4-92D9-4D61-BCDF-3F6A045D9ED0}"
EndProject
Project("{FAE04EC0-301F-11D3-BF4B-00C04F79EFBC}") = "DataTransferGraph", "DataTransferGraph\DataTransferGraph.csproj", "{3C59F35D-E996-4AD8-BA3D-DCA4AC8BEBA4}"
EndProject
Project("{FAE04EC0-301F-11D3-BF4B-00C04F79EFBC}") = "DbSerialize", "DbSerialize\DbSerialize.csproj", "{1F89588A-2881-4B82-8FAE-1B34438DF1B3}"
EndProject
Project("{FAE04EC0-301F-11D3-BF4B-00C04F79EFBC}") = "AppConfiguration", "AppConfiguration\AppConfiguration.csproj", "{E7E3152F-0CD2-4C1D-8EC5-1D9C272743F2}"
EndProject
Project("{FAE04EC0-301F-11D3-BF4B-00C04F79EFBC}") = "Logging", "Logging\Logging.csproj", "{8DD1318D-EA8A-4004-B0FA-7DC2715C84E9}"
EndProject
Project("{FAE04EC0-301F-11D3-BF4B-00C04F79EFBC}") = "FileLogging", "FileLogging\FileLogging.csproj", "{F8B3D6DB-175E-46DE-BC06-195FCD954FB8}"
EndProject
Project("{FAE04EC0-301F-11D3-BF4B-00C04F79EFBC}") = "DbLogging", "DbLogging\DbLogging.csproj", "{75D072B6-C44C-400A-92CB-5ABDCB35C9F9}"
EndProject
Global
	GlobalSection(SolutionConfigurationPlatforms) = preSolution
		Debug|Any CPU = Debug|Any CPU
		Debug|x64 = Debug|x64
		Debug|x86 = Debug|x86
		Release|Any CPU = Release|Any CPU
		Release|x64 = Release|x64
		Release|x86 = Release|x86
	EndGlobalSection
	GlobalSection(ProjectConfigurationPlatforms) = postSolution
		{B582CD9C-9393-46F2-826B-A915758B081B}.Debug|Any CPU.ActiveCfg = Debug|Any CPU
		{B582CD9C-9393-46F2-826B-A915758B081B}.Debug|Any CPU.Build.0 = Debug|Any CPU
		{B582CD9C-9393-46F2-826B-A915758B081B}.Debug|x64.ActiveCfg = Debug|x64
		{B582CD9C-9393-46F2-826B-A915758B081B}.Debug|x64.Build.0 = Debug|x64
		{B582CD9C-9393-46F2-826B-A915758B081B}.Debug|x86.ActiveCfg = Debug|x86
		{B582CD9C-9393-46F2-826B-A915758B081B}.Debug|x86.Build.0 = Debug|x86
		{B582CD9C-9393-46F2-826B-A915758B081B}.Release|Any CPU.ActiveCfg = Release|Any CPU
		{B582CD9C-9393-46F2-826B-A915758B081B}.Release|Any CPU.Build.0 = Release|Any CPU
		{B582CD9C-9393-46F2-826B-A915758B081B}.Release|x64.ActiveCfg = Release|Any CPU
		{B582CD9C-9393-46F2-826B-A915758B081B}.Release|x64.Build.0 = Release|Any CPU
		{B582CD9C-9393-46F2-826B-A915758B081B}.Release|x86.ActiveCfg = Release|x86
		{B582CD9C-9393-46F2-826B-A915758B081B}.Release|x86.Build.0 = Release|x86
		{E06FEC53-E950-41D8-9907-2318AA868DFF}.Debug|Any CPU.ActiveCfg = Debug|Any CPU
		{E06FEC53-E950-41D8-9907-2318AA868DFF}.Debug|Any CPU.Build.0 = Debug|Any CPU
		{E06FEC53-E950-41D8-9907-2318AA868DFF}.Debug|x64.ActiveCfg = Debug|Any CPU
		{E06FEC53-E950-41D8-9907-2318AA868DFF}.Debug|x64.Build.0 = Debug|Any CPU
		{E06FEC53-E950-41D8-9907-2318AA868DFF}.Debug|x86.ActiveCfg = Debug|Any CPU
		{E06FEC53-E950-41D8-9907-2318AA868DFF}.Debug|x86.Build.0 = Debug|Any CPU
		{E06FEC53-E950-41D8-9907-2318AA868DFF}.Release|Any CPU.ActiveCfg = Release|Any CPU
		{E06FEC53-E950-41D8-9907-2318AA868DFF}.Release|Any CPU.Build.0 = Release|Any CPU
		{E06FEC53-E950-41D8-9907-2318AA868DFF}.Release|x64.ActiveCfg = Release|Any CPU
		{E06FEC53-E950-41D8-9907-2318AA868DFF}.Release|x64.Build.0 = Release|Any CPU
		{E06FEC53-E950-41D8-9907-2318AA868DFF}.Release|x86.ActiveCfg = Release|Any CPU
		{E06FEC53-E950-41D8-9907-2318AA868DFF}.Release|x86.Build.0 = Release|Any CPU
		{30DCCEB7-CAA2-4041-8D5B-C470F37502BB}.Debug|Any CPU.ActiveCfg = Debug|Any CPU
		{30DCCEB7-CAA2-4041-8D5B-C470F37502BB}.Debug|Any CPU.Build.0 = Debug|Any CPU
		{30DCCEB7-CAA2-4041-8D5B-C470F37502BB}.Debug|x64.ActiveCfg = Debug|Any CPU
		{30DCCEB7-CAA2-4041-8D5B-C470F37502BB}.Debug|x64.Build.0 = Debug|Any CPU
		{30DCCEB7-CAA2-4041-8D5B-C470F37502BB}.Debug|x86.ActiveCfg = Debug|Any CPU
		{30DCCEB7-CAA2-4041-8D5B-C470F37502BB}.Debug|x86.Build.0 = Debug|Any CPU
		{30DCCEB7-CAA2-4041-8D5B-C470F37502BB}.Release|Any CPU.ActiveCfg = Release|Any CPU
		{30DCCEB7-CAA2-4041-8D5B-C470F37502BB}.Release|Any CPU.Build.0 = Release|Any CPU
		{30DCCEB7-CAA2-4041-8D5B-C470F37502BB}.Release|x64.ActiveCfg = Release|Any CPU
		{30DCCEB7-CAA2-4041-8D5B-C470F37502BB}.Release|x64.Build.0 = Release|Any CPU
		{30DCCEB7-CAA2-4041-8D5B-C470F37502BB}.Release|x86.ActiveCfg = Release|Any CPU
		{30DCCEB7-CAA2-4041-8D5B-C470F37502BB}.Release|x86.Build.0 = Release|Any CPU
		{AE36A566-0042-49D2-ABBC-DD55A01F5BE4}.Debug|Any CPU.ActiveCfg = Debug|Any CPU
		{AE36A566-0042-49D2-ABBC-DD55A01F5BE4}.Debug|Any CPU.Build.0 = Debug|Any CPU
		{AE36A566-0042-49D2-ABBC-DD55A01F5BE4}.Debug|x64.ActiveCfg = Debug|Any CPU
		{AE36A566-0042-49D2-ABBC-DD55A01F5BE4}.Debug|x64.Build.0 = Debug|Any CPU
		{AE36A566-0042-49D2-ABBC-DD55A01F5BE4}.Debug|x86.ActiveCfg = Debug|Any CPU
		{AE36A566-0042-49D2-ABBC-DD55A01F5BE4}.Debug|x86.Build.0 = Debug|Any CPU
		{AE36A566-0042-49D2-ABBC-DD55A01F5BE4}.Release|Any CPU.ActiveCfg = Release|Any CPU
		{AE36A566-0042-49D2-ABBC-DD55A01F5BE4}.Release|Any CPU.Build.0 = Release|Any CPU
		{AE36A566-0042-49D2-ABBC-DD55A01F5BE4}.Release|x64.ActiveCfg = Release|Any CPU
		{AE36A566-0042-49D2-ABBC-DD55A01F5BE4}.Release|x64.Build.0 = Release|Any CPU
		{AE36A566-0042-49D2-ABBC-DD55A01F5BE4}.Release|x86.ActiveCfg = Release|Any CPU
		{AE36A566-0042-49D2-ABBC-DD55A01F5BE4}.Release|x86.Build.0 = Release|Any CPU
		{FB69E161-9B13-4201-9D21-886D828B17AD}.Debug|Any CPU.ActiveCfg = Debug|Any CPU
		{FB69E161-9B13-4201-9D21-886D828B17AD}.Debug|Any CPU.Build.0 = Debug|Any CPU
		{FB69E161-9B13-4201-9D21-886D828B17AD}.Debug|x64.ActiveCfg = Debug|Any CPU
		{FB69E161-9B13-4201-9D21-886D828B17AD}.Debug|x64.Build.0 = Debug|Any CPU
		{FB69E161-9B13-4201-9D21-886D828B17AD}.Debug|x86.ActiveCfg = Debug|Any CPU
		{FB69E161-9B13-4201-9D21-886D828B17AD}.Debug|x86.Build.0 = Debug|Any CPU
		{FB69E161-9B13-4201-9D21-886D828B17AD}.Release|Any CPU.ActiveCfg = Release|Any CPU
		{FB69E161-9B13-4201-9D21-886D828B17AD}.Release|Any CPU.Build.0 = Release|Any CPU
		{FB69E161-9B13-4201-9D21-886D828B17AD}.Release|x64.ActiveCfg = Release|Any CPU
		{FB69E161-9B13-4201-9D21-886D828B17AD}.Release|x64.Build.0 = Release|Any CPU
		{FB69E161-9B13-4201-9D21-886D828B17AD}.Release|x86.ActiveCfg = Release|Any CPU
		{FB69E161-9B13-4201-9D21-886D828B17AD}.Release|x86.Build.0 = Release|Any CPU
		{FDD7BFF4-92D9-4D61-BCDF-3F6A045D9ED0}.Debug|Any CPU.ActiveCfg = Debug|Any CPU
		{FDD7BFF4-92D9-4D61-BCDF-3F6A045D9ED0}.Debug|Any CPU.Build.0 = Debug|Any CPU
		{FDD7BFF4-92D9-4D61-BCDF-3F6A045D9ED0}.Debug|x64.ActiveCfg = Debug|Any CPU
		{FDD7BFF4-92D9-4D61-BCDF-3F6A045D9ED0}.Debug|x64.Build.0 = Debug|Any CPU
		{FDD7BFF4-92D9-4D61-BCDF-3F6A045D9ED0}.Debug|x86.ActiveCfg = Debug|Any CPU
		{FDD7BFF4-92D9-4D61-BCDF-3F6A045D9ED0}.Debug|x86.Build.0 = Debug|Any CPU
		{FDD7BFF4-92D9-4D61-BCDF-3F6A045D9ED0}.Release|Any CPU.ActiveCfg = Release|Any CPU
		{FDD7BFF4-92D9-4D61-BCDF-3F6A045D9ED0}.Release|Any CPU.Build.0 = Release|Any CPU
		{FDD7BFF4-92D9-4D61-BCDF-3F6A045D9ED0}.Release|x64.ActiveCfg = Release|Any CPU
		{FDD7BFF4-92D9-4D61-BCDF-3F6A045D9ED0}.Release|x64.Build.0 = Release|Any CPU
		{FDD7BFF4-92D9-4D61-BCDF-3F6A045D9ED0}.Release|x86.ActiveCfg = Release|Any CPU
		{FDD7BFF4-92D9-4D61-BCDF-3F6A045D9ED0}.Release|x86.Build.0 = Release|Any CPU
		{3C59F35D-E996-4AD8-BA3D-DCA4AC8BEBA4}.Debug|Any CPU.ActiveCfg = Debug|Any CPU
		{3C59F35D-E996-4AD8-BA3D-DCA4AC8BEBA4}.Debug|Any CPU.Build.0 = Debug|Any CPU
		{3C59F35D-E996-4AD8-BA3D-DCA4AC8BEBA4}.Debug|x64.ActiveCfg = Debug|Any CPU
		{3C59F35D-E996-4AD8-BA3D-DCA4AC8BEBA4}.Debug|x64.Build.0 = Debug|Any CPU
		{3C59F35D-E996-4AD8-BA3D-DCA4AC8BEBA4}.Debug|x86.ActiveCfg = Debug|Any CPU
		{3C59F35D-E996-4AD8-BA3D-DCA4AC8BEBA4}.Debug|x86.Build.0 = Debug|Any CPU
		{3C59F35D-E996-4AD8-BA3D-DCA4AC8BEBA4}.Release|Any CPU.ActiveCfg = Release|Any CPU
		{3C59F35D-E996-4AD8-BA3D-DCA4AC8BEBA4}.Release|Any CPU.Build.0 = Release|Any CPU
		{3C59F35D-E996-4AD8-BA3D-DCA4AC8BEBA4}.Release|x64.ActiveCfg = Release|Any CPU
		{3C59F35D-E996-4AD8-BA3D-DCA4AC8BEBA4}.Release|x64.Build.0 = Release|Any CPU
		{3C59F35D-E996-4AD8-BA3D-DCA4AC8BEBA4}.Release|x86.ActiveCfg = Release|Any CPU
		{3C59F35D-E996-4AD8-BA3D-DCA4AC8BEBA4}.Release|x86.Build.0 = Release|Any CPU
		{1F89588A-2881-4B82-8FAE-1B34438DF1B3}.Debug|Any CPU.ActiveCfg = Debug|Any CPU
		{1F89588A-2881-4B82-8FAE-1B34438DF1B3}.Debug|Any CPU.Build.0 = Debug|Any CPU
		{1F89588A-2881-4B82-8FAE-1B34438DF1B3}.Debug|x64.ActiveCfg = Debug|Any CPU
		{1F89588A-2881-4B82-8FAE-1B34438DF1B3}.Debug|x64.Build.0 = Debug|Any CPU
		{1F89588A-2881-4B82-8FAE-1B34438DF1B3}.Debug|x86.ActiveCfg = Debug|Any CPU
		{1F89588A-2881-4B82-8FAE-1B34438DF1B3}.Debug|x86.Build.0 = Debug|Any CPU
		{1F89588A-2881-4B82-8FAE-1B34438DF1B3}.Release|Any CPU.ActiveCfg = Release|Any CPU
		{1F89588A-2881-4B82-8FAE-1B34438DF1B3}.Release|Any CPU.Build.0 = Release|Any CPU
		{1F89588A-2881-4B82-8FAE-1B34438DF1B3}.Release|x64.ActiveCfg = Release|Any CPU
		{1F89588A-2881-4B82-8FAE-1B34438DF1B3}.Release|x64.Build.0 = Release|Any CPU
		{1F89588A-2881-4B82-8FAE-1B34438DF1B3}.Release|x86.ActiveCfg = Release|Any CPU
		{1F89588A-2881-4B82-8FAE-1B34438DF1B3}.Release|x86.Build.0 = Release|Any CPU
		{E7E3152F-0CD2-4C1D-8EC5-1D9C272743F2}.Debug|Any CPU.ActiveCfg = Debug|Any CPU
		{E7E3152F-0CD2-4C1D-8EC5-1D9C272743F2}.Debug|Any CPU.Build.0 = Debug|Any CPU
		{E7E3152F-0CD2-4C1D-8EC5-1D9C272743F2}.Debug|x64.ActiveCfg = Debug|Any CPU
		{E7E3152F-0CD2-4C1D-8EC5-1D9C272743F2}.Debug|x64.Build.0 = Debug|Any CPU
		{E7E3152F-0CD2-4C1D-8EC5-1D9C272743F2}.Debug|x86.ActiveCfg = Debug|Any CPU
		{E7E3152F-0CD2-4C1D-8EC5-1D9C272743F2}.Debug|x86.Build.0 = Debug|Any CPU
		{E7E3152F-0CD2-4C1D-8EC5-1D9C272743F2}.Release|Any CPU.ActiveCfg = Release|Any CPU
		{E7E3152F-0CD2-4C1D-8EC5-1D9C272743F2}.Release|Any CPU.Build.0 = Release|Any CPU
		{E7E3152F-0CD2-4C1D-8EC5-1D9C272743F2}.Release|x64.ActiveCfg = Release|Any CPU
		{E7E3152F-0CD2-4C1D-8EC5-1D9C272743F2}.Release|x64.Build.0 = Release|Any CPU
		{E7E3152F-0CD2-4C1D-8EC5-1D9C272743F2}.Release|x86.ActiveCfg = Release|Any CPU
		{E7E3152F-0CD2-4C1D-8EC5-1D9C272743F2}.Release|x86.Build.0 = Release|Any CPU
		{8DD1318D-EA8A-4004-B0FA-7DC2715C84E9}.Debug|Any CPU.ActiveCfg = Debug|Any CPU
		{8DD1318D-EA8A-4004-B0FA-7DC2715C84E9}.Debug|Any CPU.Build.0 = Debug|Any CPU
		{8DD1318D-EA8A-4004-B0FA-7DC2715C84E9}.Debug|x64.ActiveCfg = Debug|Any CPU
		{8DD1318D-EA8A-4004-B0FA-7DC2715C84E9}.Debug|x64.Build.0 = Debug|Any CPU
		{8DD1318D-EA8A-4004-B0FA-7DC2715C84E9}.Debug|x86.ActiveCfg = Debug|Any CPU
		{8DD1318D-EA8A-4004-B0FA-7DC2715C84E9}.Debug|x86.Build.0 = Debug|Any CPU
		{8DD1318D-EA8A-4004-B0FA-7DC2715C84E9}.Release|Any CPU.ActiveCfg = Release|Any CPU
		{8DD1318D-EA8A-4004-B0FA-7DC2715C84E9}.Release|Any CPU.Build.0 = Release|Any CPU
		{8DD1318D-EA8A-4004-B0FA-7DC2715C84E9}.Release|x64.ActiveCfg = Release|Any CPU
		{8DD1318D-EA8A-4004-B0FA-7DC2715C84E9}.Release|x64.Build.0 = Release|Any CPU
		{8DD1318D-EA8A-4004-B0FA-7DC2715C84E9}.Release|x86.ActiveCfg = Release|Any CPU
		{8DD1318D-EA8A-4004-B0FA-7DC2715C84E9}.Release|x86.Build.0 = Release|Any CPU
		{F8B3D6DB-175E-46DE-BC06-195FCD954FB8}.Debug|Any CPU.ActiveCfg = Debug|Any CPU
		{F8B3D6DB-175E-46DE-BC06-195FCD954FB8}.Debug|Any CPU.Build.0 = Debug|Any CPU
		{F8B3D6DB-175E-46DE-BC06-195FCD954FB8}.Debug|x64.ActiveCfg = Debug|Any CPU
		{F8B3D6DB-175E-46DE-BC06-195FCD954FB8}.Debug|x64.Build.0 = Debug|Any CPU
		{F8B3D6DB-175E-46DE-BC06-195FCD954FB8}.Debug|x86.ActiveCfg = Debug|Any CPU
		{F8B3D6DB-175E-46DE-BC06-195FCD954FB8}.Debug|x86.Build.0 = Debug|Any CPU
		{F8B3D6DB-175E-46DE-BC06-195FCD954FB8}.Release|Any CPU.ActiveCfg = Release|Any CPU
		{F8B3D6DB-175E-46DE-BC06-195FCD954FB8}.Release|Any CPU.Build.0 = Release|Any CPU
		{F8B3D6DB-175E-46DE-BC06-195FCD954FB8}.Release|x64.ActiveCfg = Release|Any CPU
		{F8B3D6DB-175E-46DE-BC06-195FCD954FB8}.Release|x64.Build.0 = Release|Any CPU
		{F8B3D6DB-175E-46DE-BC06-195FCD954FB8}.Release|x86.ActiveCfg = Release|Any CPU
		{F8B3D6DB-175E-46DE-BC06-195FCD954FB8}.Release|x86.Build.0 = Release|Any CPU
		{75D072B6-C44C-400A-92CB-5ABDCB35C9F9}.Debug|Any CPU.ActiveCfg = Debug|Any CPU
		{75D072B6-C44C-400A-92CB-5ABDCB35C9F9}.Debug|Any CPU.Build.0 = Debug|Any CPU
		{75D072B6-C44C-400A-92CB-5ABDCB35C9F9}.Debug|x64.ActiveCfg = Debug|Any CPU
		{75D072B6-C44C-400A-92CB-5ABDCB35C9F9}.Debug|x64.Build.0 = Debug|Any CPU
		{75D072B6-C44C-400A-92CB-5ABDCB35C9F9}.Debug|x86.ActiveCfg = Debug|Any CPU
		{75D072B6-C44C-400A-92CB-5ABDCB35C9F9}.Debug|x86.Build.0 = Debug|Any CPU
		{75D072B6-C44C-400A-92CB-5ABDCB35C9F9}.Release|Any CPU.ActiveCfg = Release|Any CPU
		{75D072B6-C44C-400A-92CB-5ABDCB35C9F9}.Release|Any CPU.Build.0 = Release|Any CPU
		{75D072B6-C44C-400A-92CB-5ABDCB35C9F9}.Release|x64.ActiveCfg = Release|Any CPU
		{75D072B6-C44C-400A-92CB-5ABDCB35C9F9}.Release|x64.Build.0 = Release|Any CPU
		{75D072B6-C44C-400A-92CB-5ABDCB35C9F9}.Release|x86.ActiveCfg = Release|Any CPU
		{75D072B6-C44C-400A-92CB-5ABDCB35C9F9}.Release|x86.Build.0 = Release|Any CPU
	EndGlobalSection
	GlobalSection(SolutionProperties) = preSolution
		HideSolutionNode = FALSE
	EndGlobalSection
	GlobalSection(ExtensibilityGlobals) = postSolution
		SolutionGuid = {DEF91DAA-0916-47A5-83FA-829D416758BA}
	EndGlobalSection
EndGlobal
